
Microsoft Visual Studio Solution File, Format Version 12.00
# Visual Studio Version 17
VisualStudioVersion = 17.11.35222.181
MinimumVisualStudioVersion = 10.0.40219.1
Project("{FAE04EC0-301F-11D3-BF4B-00C04F79EFBC}") = "Music_Shop_Db", "Music_Shop_Db\Music_Shop_Db.csproj", "{2D0B876D-0184-478B-BF64-E3B871213565}"
EndProject
Project("{FAE04EC0-301F-11D3-BF4B-00C04F79EFBC}") = "DB_Controller", "DB_Controller\DB_Controller.csproj", "{4BE0315B-D4E4-4769-882B-4493299EED62}"
EndProject
Global
	GlobalSection(SolutionConfigurationPlatforms) = preSolution
		Debug|Any CPU = Debug|Any CPU
		Release|Any CPU = Release|Any CPU
	EndGlobalSection
	GlobalSection(ProjectConfigurationPlatforms) = postSolution
		{2D0B876D-0184-478B-BF64-E3B871213565}.Debug|Any CPU.ActiveCfg = Debug|Any CPU
		{2D0B876D-0184-478B-BF64-E3B871213565}.Debug|Any CPU.Build.0 = Debug|Any CPU
		{2D0B876D-0184-478B-BF64-E3B871213565}.Release|Any CPU.ActiveCfg = Release|Any CPU
		{2D0B876D-0184-478B-BF64-E3B871213565}.Release|Any CPU.Build.0 = Release|Any CPU
		{4BE0315B-D4E4-4769-882B-4493299EED62}.Debug|Any CPU.ActiveCfg = Debug|Any CPU
		{4BE0315B-D4E4-4769-882B-4493299EED62}.Debug|Any CPU.Build.0 = Debug|Any CPU
		{4BE0315B-D4E4-4769-882B-4493299EED62}.Release|Any CPU.ActiveCfg = Release|Any CPU
		{4BE0315B-D4E4-4769-882B-4493299EED62}.Release|Any CPU.Build.0 = Release|Any CPU
	EndGlobalSection
	GlobalSection(SolutionProperties) = preSolution
		HideSolutionNode = FALSE
	EndGlobalSection
	GlobalSection(ExtensibilityGlobals) = postSolution
		SolutionGuid = {6A46FB0D-9182-4251-A0E0-AAE51C7F7C7F}
	EndGlobalSection
EndGlobal
